
Microsoft Visual Studio Solution File, Format Version 12.00
# Visual Studio Version 17
VisualStudioVersion = 17.7.34009.444
MinimumVisualStudioVersion = 10.0.40219.1
Project("{FAE04EC0-301F-11D3-BF4B-00C04F79EFBC}") = "WebApiClientConsole", "WebApiClientConsole.csproj", "{569023CC-F31C-46B4-8C6B-824CED924D5B}"
EndProject
Global
	GlobalSection(SolutionConfigurationPlatforms) = preSolution
		Debug|Any CPU = Debug|Any CPU
		Release|Any CPU = Release|Any CPU
	EndGlobalSection
	GlobalSection(ProjectConfigurationPlatforms) = postSolution
		{569023CC-F31C-46B4-8C6B-824CED924D5B}.Debug|Any CPU.ActiveCfg = Debug|Any CPU
		{569023CC-F31C-46B4-8C6B-824CED924D5B}.Debug|Any CPU.Build.0 = Debug|Any CPU
		{569023CC-F31C-46B4-8C6B-824CED924D5B}.Release|Any CPU.ActiveCfg = Release|Any CPU
		{569023CC-F31C-46B4-8C6B-824CED924D5B}.Release|Any CPU.Build.0 = Release|Any CPU
	EndGlobalSection
	GlobalSection(SolutionProperties) = preSolution
		HideSolutionNode = FALSE
	EndGlobalSection
	GlobalSection(ExtensibilityGlobals) = postSolution
		SolutionGuid = {E4FF12C9-4026-4E4A-9860-D7226FD76393}
	EndGlobalSection
EndGlobal
